
Microsoft Visual Studio Solution File, Format Version 12.00
# Visual Studio Version 16
VisualStudioVersion = 16.0.31424.327
MinimumVisualStudioVersion = 10.0.40219.1
Project("{FAE04EC0-301F-11D3-BF4B-00C04F79EFBC}") = "SUNNAH STATION PROJECT", "SUNNAH STATION PROJECT.csproj", "{164885E4-2AC8-448F-B19C-32076AE0F9A3}"
EndProject
Global
	GlobalSection(SolutionConfigurationPlatforms) = preSolution
		Debug|Any CPU = Debug|Any CPU
		Release|Any CPU = Release|Any CPU
	EndGlobalSection
	GlobalSection(ProjectConfigurationPlatforms) = postSolution
		{164885E4-2AC8-448F-B19C-32076AE0F9A3}.Debug|Any CPU.ActiveCfg = Debug|Any CPU
		{164885E4-2AC8-448F-B19C-32076AE0F9A3}.Debug|Any CPU.Build.0 = Debug|Any CPU
		{164885E4-2AC8-448F-B19C-32076AE0F9A3}.Release|Any CPU.ActiveCfg = Release|Any CPU
		{164885E4-2AC8-448F-B19C-32076AE0F9A3}.Release|Any CPU.Build.0 = Release|Any CPU
	EndGlobalSection
	GlobalSection(SolutionProperties) = preSolution
		HideSolutionNode = FALSE
	EndGlobalSection
	GlobalSection(ExtensibilityGlobals) = postSolution
		SolutionGuid = {ECE1FD35-F62E-4B41-BEAE-B659B4016AA5}
	EndGlobalSection
EndGlobal
